// !$*UTF8*$!
{
	archiveVersion = 1;
	classes = {
	};
	objectVersion = 46;
	objects = {

/* Begin PBXBuildFile section */
		5753729E19C44923009069BC /* AppDelegate.swift in Sources */ = {isa = PBXBuildFile; fileRef = 5753729D19C44923009069BC /* AppDelegate.swift */; };
		575372A519C44923009069BC /* Main.storyboard in Resources */ = {isa = PBXBuildFile; fileRef = 575372A319C44923009069BC /* Main.storyboard */; };
		575372A719C44923009069BC /* Images.xcassets in Resources */ = {isa = PBXBuildFile; fileRef = 575372A619C44923009069BC /* Images.xcassets */; };
		575372AA19C44923009069BC /* LaunchScreen.xib in Resources */ = {isa = PBXBuildFile; fileRef = 575372A819C44923009069BC /* LaunchScreen.xib */; };
		575372B619C44923009069BC /* ff14bookletTests.swift in Sources */ = {isa = PBXBuildFile; fileRef = 575372B519C44923009069BC /* ff14bookletTests.swift */; };
		575372C419C44A6A009069BC /* TabBarItem.swift in Sources */ = {isa = PBXBuildFile; fileRef = 575372C319C44A6A009069BC /* TabBarItem.swift */; };
		7F470F1719C48BC3001E5A5C /* WeatherForecastsViewController.swift in Sources */ = {isa = PBXBuildFile; fileRef = 7F470F1619C48BC3001E5A5C /* WeatherForecastsViewController.swift */; };
		7F470F2B19C4A73B001E5A5C /* SwiftyJSON.swift in Sources */ = {isa = PBXBuildFile; fileRef = 7F470F2A19C4A73B001E5A5C /* SwiftyJSON.swift */; };
		7F470F2D19C4B6B3001E5A5C /* WeatherForecast.swift in Sources */ = {isa = PBXBuildFile; fileRef = 7F470F2C19C4B6B3001E5A5C /* WeatherForecast.swift */; };
		7F470F2F19C53A46001E5A5C /* WeatherForecastLocationCell.swift in Sources */ = {isa = PBXBuildFile; fileRef = 7F470F2E19C53A46001E5A5C /* WeatherForecastLocationCell.swift */; };
		AF4B44A5290747AF9AFC730B /* libPods.a in Frameworks */ = {isa = PBXBuildFile; fileRef = D35A1F8A19A247998740F13D /* libPods.a */; };
/* End PBXBuildFile section */

/* Begin PBXContainerItemProxy section */
		575372B019C44923009069BC /* PBXContainerItemProxy */ = {
			isa = PBXContainerItemProxy;
			containerPortal = 5753729019C44923009069BC /* Project object */;
			proxyType = 1;
			remoteGlobalIDString = 5753729719C44923009069BC;
			remoteInfo = ff14booklet;
		};
/* End PBXContainerItemProxy section */

/* Begin PBXFileReference section */
		5753729819C44923009069BC /* ff14booklet.app */ = {isa = PBXFileReference; explicitFileType = wrapper.application; includeInIndex = 0; path = ff14booklet.app; sourceTree = BUILT_PRODUCTS_DIR; };
		5753729C19C44923009069BC /* Info.plist */ = {isa = PBXFileReference; lastKnownFileType = text.plist.xml; path = Info.plist; sourceTree = "<group>"; };
		5753729D19C44923009069BC /* AppDelegate.swift */ = {isa = PBXFileReference; lastKnownFileType = sourcecode.swift; path = AppDelegate.swift; sourceTree = "<group>"; };
		575372A419C44923009069BC /* Base */ = {isa = PBXFileReference; lastKnownFileType = file.storyboard; name = Base; path = Base.lproj/Main.storyboard; sourceTree = "<group>"; };
		575372A619C44923009069BC /* Images.xcassets */ = {isa = PBXFileReference; lastKnownFileType = folder.assetcatalog; path = Images.xcassets; sourceTree = "<group>"; };
		575372A919C44923009069BC /* Base */ = {isa = PBXFileReference; lastKnownFileType = file.xib; name = Base; path = Base.lproj/LaunchScreen.xib; sourceTree = "<group>"; };
		575372AF19C44923009069BC /* ff14bookletTests.xctest */ = {isa = PBXFileReference; explicitFileType = wrapper.cfbundle; includeInIndex = 0; path = ff14bookletTests.xctest; sourceTree = BUILT_PRODUCTS_DIR; };
		575372B419C44923009069BC /* Info.plist */ = {isa = PBXFileReference; lastKnownFileType = text.plist.xml; path = Info.plist; sourceTree = "<group>"; };
		575372B519C44923009069BC /* ff14bookletTests.swift */ = {isa = PBXFileReference; lastKnownFileType = sourcecode.swift; path = ff14bookletTests.swift; sourceTree = "<group>"; };
		575372BF19C449F5009069BC /* ff14booklet-Bridging-Header.h */ = {isa = PBXFileReference; lastKnownFileType = sourcecode.c.h; path = "ff14booklet-Bridging-Header.h"; sourceTree = "<group>"; };
		575372C319C44A6A009069BC /* TabBarItem.swift */ = {isa = PBXFileReference; fileEncoding = 4; lastKnownFileType = sourcecode.swift; path = TabBarItem.swift; sourceTree = "<group>"; };
		7F470F1619C48BC3001E5A5C /* WeatherForecastsViewController.swift */ = {isa = PBXFileReference; fileEncoding = 4; lastKnownFileType = sourcecode.swift; path = WeatherForecastsViewController.swift; sourceTree = "<group>"; };
		7F470F2A19C4A73B001E5A5C /* SwiftyJSON.swift */ = {isa = PBXFileReference; fileEncoding = 4; lastKnownFileType = sourcecode.swift; name = SwiftyJSON.swift; path = Libs/SwiftyJSON/SwiftyJSON/SwiftyJSON.swift; sourceTree = "<group>"; };
		7F470F2C19C4B6B3001E5A5C /* WeatherForecast.swift */ = {isa = PBXFileReference; fileEncoding = 4; lastKnownFileType = sourcecode.swift; path = WeatherForecast.swift; sourceTree = "<group>"; };
		7F470F2E19C53A46001E5A5C /* WeatherForecastLocationCell.swift */ = {isa = PBXFileReference; fileEncoding = 4; lastKnownFileType = sourcecode.swift; path = WeatherForecastLocationCell.swift; sourceTree = "<group>"; };
		D35A1F8A19A247998740F13D /* libPods.a */ = {isa = PBXFileReference; explicitFileType = archive.ar; includeInIndex = 0; path = libPods.a; sourceTree = BUILT_PRODUCTS_DIR; };
		E9A37B1737284FE4B69BA8BF /* Pods.xcconfig */ = {isa = PBXFileReference; includeInIndex = 1; lastKnownFileType = text.xcconfig; name = Pods.xcconfig; path = Pods/Pods.xcconfig; sourceTree = "<group>"; };
/* End PBXFileReference section */

/* Begin PBXFrameworksBuildPhase section */
		5753729519C44923009069BC /* Frameworks */ = {
			isa = PBXFrameworksBuildPhase;
			buildActionMask = 2147483647;
			files = (
				AF4B44A5290747AF9AFC730B /* libPods.a in Frameworks */,
			);
			runOnlyForDeploymentPostprocessing = 0;
		};
		575372AC19C44923009069BC /* Frameworks */ = {
			isa = PBXFrameworksBuildPhase;
			buildActionMask = 2147483647;
			files = (
			);
			runOnlyForDeploymentPostprocessing = 0;
		};
/* End PBXFrameworksBuildPhase section */

/* Begin PBXGroup section */
		5753728F19C44923009069BC = {
			isa = PBXGroup;
			children = (
				7F470F1819C4A3A9001E5A5C /* Libs */,
				5753729A19C44923009069BC /* ff14booklet */,
				575372B219C44923009069BC /* ff14bookletTests */,
				5753729919C44923009069BC /* Products */,
				E9A37B1737284FE4B69BA8BF /* Pods.xcconfig */,
				DCDACA9CB91840C196E0EF76 /* Frameworks */,
			);
			sourceTree = "<group>";
		};
		5753729919C44923009069BC /* Products */ = {
			isa = PBXGroup;
			children = (
				5753729819C44923009069BC /* ff14booklet.app */,
				575372AF19C44923009069BC /* ff14bookletTests.xctest */,
			);
			name = Products;
			sourceTree = "<group>";
		};
		5753729A19C44923009069BC /* ff14booklet */ = {
			isa = PBXGroup;
			children = (
				5753729D19C44923009069BC /* AppDelegate.swift */,
				575372A319C44923009069BC /* Main.storyboard */,
				575372A619C44923009069BC /* Images.xcassets */,
				575372A819C44923009069BC /* LaunchScreen.xib */,
				5753729B19C44923009069BC /* Supporting Files */,
				575372BF19C449F5009069BC /* ff14booklet-Bridging-Header.h */,
				575372C319C44A6A009069BC /* TabBarItem.swift */,
				7F470F1619C48BC3001E5A5C /* WeatherForecastsViewController.swift */,
				7F470F2C19C4B6B3001E5A5C /* WeatherForecast.swift */,
				7F470F2E19C53A46001E5A5C /* WeatherForecastLocationCell.swift */,
			);
			path = ff14booklet;
			sourceTree = "<group>";
		};
		5753729B19C44923009069BC /* Supporting Files */ = {
			isa = PBXGroup;
			children = (
				5753729C19C44923009069BC /* Info.plist */,
			);
			name = "Supporting Files";
			sourceTree = "<group>";
		};
		575372B219C44923009069BC /* ff14bookletTests */ = {
			isa = PBXGroup;
			children = (
				575372B519C44923009069BC /* ff14bookletTests.swift */,
				575372B319C44923009069BC /* Supporting Files */,
			);
			path = ff14bookletTests;
			sourceTree = "<group>";
		};
		575372B319C44923009069BC /* Supporting Files */ = {
			isa = PBXGroup;
			children = (
				575372B419C44923009069BC /* Info.plist */,
			);
			name = "Supporting Files";
			sourceTree = "<group>";
		};
		7F470F1819C4A3A9001E5A5C /* Libs */ = {
			isa = PBXGroup;
			children = (
				7F470F2A19C4A73B001E5A5C /* SwiftyJSON.swift */,
			);
			name = Libs;
			sourceTree = "<group>";
		};
		DCDACA9CB91840C196E0EF76 /* Frameworks */ = {
			isa = PBXGroup;
			children = (
				D35A1F8A19A247998740F13D /* libPods.a */,
			);
			name = Frameworks;
			sourceTree = "<group>";
		};
/* End PBXGroup section */

/* Begin PBXNativeTarget section */
		5753729719C44923009069BC /* ff14booklet */ = {
			isa = PBXNativeTarget;
			buildConfigurationList = 575372B919C44923009069BC /* Build configuration list for PBXNativeTarget "ff14booklet" */;
			buildPhases = (
				6BE3A750DFEE4F028FCFDF3F /* Check Pods Manifest.lock */,
				5753729419C44923009069BC /* Sources */,
				5753729519C44923009069BC /* Frameworks */,
				5753729619C44923009069BC /* Resources */,
				926FE72156564DFBA70C5565 /* Copy Pods Resources */,
			);
			buildRules = (
			);
			dependencies = (
			);
			name = ff14booklet;
			productName = ff14booklet;
			productReference = 5753729819C44923009069BC /* ff14booklet.app */;
			productType = "com.apple.product-type.application";
		};
		575372AE19C44923009069BC /* ff14bookletTests */ = {
			isa = PBXNativeTarget;
			buildConfigurationList = 575372BC19C44923009069BC /* Build configuration list for PBXNativeTarget "ff14bookletTests" */;
			buildPhases = (
				575372AB19C44923009069BC /* Sources */,
				575372AC19C44923009069BC /* Frameworks */,
				575372AD19C44923009069BC /* Resources */,
			);
			buildRules = (
			);
			dependencies = (
				575372B119C44923009069BC /* PBXTargetDependency */,
			);
			name = ff14bookletTests;
			productName = ff14bookletTests;
			productReference = 575372AF19C44923009069BC /* ff14bookletTests.xctest */;
			productType = "com.apple.product-type.bundle.unit-test";
		};
/* End PBXNativeTarget section */

/* Begin PBXProject section */
		5753729019C44923009069BC /* Project object */ = {
			isa = PBXProject;
			attributes = {
				LastUpgradeCheck = 0600;
				ORGANIZATIONNAME = slightair;
				TargetAttributes = {
					5753729719C44923009069BC = {
						CreatedOnToolsVersion = 6.0;
					};
					575372AE19C44923009069BC = {
						CreatedOnToolsVersion = 6.0;
						TestTargetID = 5753729719C44923009069BC;
					};
				};
			};
			buildConfigurationList = 5753729319C44923009069BC /* Build configuration list for PBXProject "ff14booklet" */;
			compatibilityVersion = "Xcode 3.2";
			developmentRegion = English;
			hasScannedForEncodings = 0;
			knownRegions = (
				en,
				Base,
			);
			mainGroup = 5753728F19C44923009069BC;
			productRefGroup = 5753729919C44923009069BC /* Products */;
			projectDirPath = "";
			projectRoot = "";
			targets = (
				5753729719C44923009069BC /* ff14booklet */,
				575372AE19C44923009069BC /* ff14bookletTests */,
			);
		};
/* End PBXProject section */

/* Begin PBXResourcesBuildPhase section */
		5753729619C44923009069BC /* Resources */ = {
			isa = PBXResourcesBuildPhase;
			buildActionMask = 2147483647;
			files = (
				575372A519C44923009069BC /* Main.storyboard in Resources */,
				575372AA19C44923009069BC /* LaunchScreen.xib in Resources */,
				575372A719C44923009069BC /* Images.xcassets in Resources */,
			);
			runOnlyForDeploymentPostprocessing = 0;
		};
		575372AD19C44923009069BC /* Resources */ = {
			isa = PBXResourcesBuildPhase;
			buildActionMask = 2147483647;
			files = (
			);
			runOnlyForDeploymentPostprocessing = 0;
		};
/* End PBXResourcesBuildPhase section */

/* Begin PBXShellScriptBuildPhase section */
		6BE3A750DFEE4F028FCFDF3F /* Check Pods Manifest.lock */ = {
			isa = PBXShellScriptBuildPhase;
			buildActionMask = 2147483647;
			files = (
			);
			inputPaths = (
			);
			name = "Check Pods Manifest.lock";
			outputPaths = (
			);
			runOnlyForDeploymentPostprocessing = 0;
			shellPath = /bin/sh;
			shellScript = "diff \"${PODS_ROOT}/../Podfile.lock\" \"${PODS_ROOT}/Manifest.lock\" > /dev/null\nif [[ $? != 0 ]] ; then\n    cat << EOM\nerror: The sandbox is not in sync with the Podfile.lock. Run 'pod install' or update your CocoaPods installation.\nEOM\n    exit 1\nfi\n";
			showEnvVarsInLog = 0;
		};
		926FE72156564DFBA70C5565 /* Copy Pods Resources */ = {
			isa = PBXShellScriptBuildPhase;
			buildActionMask = 2147483647;
			files = (
			);
			inputPaths = (
			);
			name = "Copy Pods Resources";
			outputPaths = (
			);
			runOnlyForDeploymentPostprocessing = 0;
			shellPath = /bin/sh;
			shellScript = "\"${SRCROOT}/Pods/Pods-resources.sh\"\n";
			showEnvVarsInLog = 0;
		};
/* End PBXShellScriptBuildPhase section */

/* Begin PBXSourcesBuildPhase section */
		5753729419C44923009069BC /* Sources */ = {
			isa = PBXSourcesBuildPhase;
			buildActionMask = 2147483647;
			files = (
				7F470F2F19C53A46001E5A5C /* WeatherForecastLocationCell.swift in Sources */,
				7F470F2D19C4B6B3001E5A5C /* WeatherForecast.swift in Sources */,
				575372C419C44A6A009069BC /* TabBarItem.swift in Sources */,
				5753729E19C44923009069BC /* AppDelegate.swift in Sources */,
				7F470F1719C48BC3001E5A5C /* WeatherForecastsViewController.swift in Sources */,
				7F470F2B19C4A73B001E5A5C /* SwiftyJSON.swift in Sources */,
			);
			runOnlyForDeploymentPostprocessing = 0;
		};
		575372AB19C44923009069BC /* Sources */ = {
			isa = PBXSourcesBuildPhase;
			buildActionMask = 2147483647;
			files = (
				575372B619C44923009069BC /* ff14bookletTests.swift in Sources */,
			);
			runOnlyForDeploymentPostprocessing = 0;
		};
/* End PBXSourcesBuildPhase section */

/* Begin PBXTargetDependency section */
		575372B119C44923009069BC /* PBXTargetDependency */ = {
			isa = PBXTargetDependency;
			target = 5753729719C44923009069BC /* ff14booklet */;
			targetProxy = 575372B019C44923009069BC /* PBXContainerItemProxy */;
		};
/* End PBXTargetDependency section */

/* Begin PBXVariantGroup section */
		575372A319C44923009069BC /* Main.storyboard */ = {
			isa = PBXVariantGroup;
			children = (
				575372A419C44923009069BC /* Base */,
			);
			name = Main.storyboard;
			sourceTree = "<group>";
		};
		575372A819C44923009069BC /* LaunchScreen.xib */ = {
			isa = PBXVariantGroup;
			children = (
				575372A919C44923009069BC /* Base */,
			);
			name = LaunchScreen.xib;
			sourceTree = "<group>";
		};
/* End PBXVariantGroup section */

/* Begin XCBuildConfiguration section */
		575372B719C44923009069BC /* Debug */ = {
			isa = XCBuildConfiguration;
			buildSettings = {
				ALWAYS_SEARCH_USER_PATHS = NO;
				CLANG_CXX_LANGUAGE_STANDARD = "gnu++0x";
				CLANG_CXX_LIBRARY = "libc++";
				CLANG_ENABLE_MODULES = YES;
				CLANG_ENABLE_OBJC_ARC = YES;
				CLANG_WARN_BOOL_CONVERSION = YES;
				CLANG_WARN_CONSTANT_CONVERSION = YES;
				CLANG_WARN_DIRECT_OBJC_ISA_USAGE = YES_ERROR;
				CLANG_WARN_EMPTY_BODY = YES;
				CLANG_WARN_ENUM_CONVERSION = YES;
				CLANG_WARN_INT_CONVERSION = YES;
				CLANG_WARN_OBJC_ROOT_CLASS = YES_ERROR;
				CLANG_WARN_UNREACHABLE_CODE = YES;
				CLANG_WARN__DUPLICATE_METHOD_MATCH = YES;
				"CODE_SIGN_IDENTITY[sdk=iphoneos*]" = "iPhone Developer";
				COPY_PHASE_STRIP = NO;
				ENABLE_STRICT_OBJC_MSGSEND = YES;
				GCC_C_LANGUAGE_STANDARD = gnu99;
				GCC_DYNAMIC_NO_PIC = NO;
				GCC_OPTIMIZATION_LEVEL = 0;
				GCC_PREPROCESSOR_DEFINITIONS = (
					"DEBUG=1",
					"$(inherited)",
				);
				GCC_SYMBOLS_PRIVATE_EXTERN = NO;
				GCC_WARN_64_TO_32_BIT_CONVERSION = YES;
				GCC_WARN_ABOUT_RETURN_TYPE = YES_ERROR;
				GCC_WARN_UNDECLARED_SELECTOR = YES;
				GCC_WARN_UNINITIALIZED_AUTOS = YES_AGGRESSIVE;
				GCC_WARN_UNUSED_FUNCTION = YES;
				GCC_WARN_UNUSED_VARIABLE = YES;
				IPHONEOS_DEPLOYMENT_TARGET = 8.0;
				MTL_ENABLE_DEBUG_INFO = YES;
				ONLY_ACTIVE_ARCH = YES;
				SDKROOT = iphoneos;
				SWIFT_OPTIMIZATION_LEVEL = "-Onone";
				TARGETED_DEVICE_FAMILY = "1,2";
			};
			name = Debug;
		};
		575372B819C44923009069BC /* Release */ = {
			isa = XCBuildConfiguration;
			buildSettings = {
				ALWAYS_SEARCH_USER_PATHS = NO;
				CLANG_CXX_LANGUAGE_STANDARD = "gnu++0x";
				CLANG_CXX_LIBRARY = "libc++";
				CLANG_ENABLE_MODULES = YES;
				CLANG_ENABLE_OBJC_ARC = YES;
				CLANG_WARN_BOOL_CONVERSION = YES;
				CLANG_WARN_CONSTANT_CONVERSION = YES;
				CLANG_WARN_DIRECT_OBJC_ISA_USAGE = YES_ERROR;
				CLANG_WARN_EMPTY_BODY = YES;
				CLANG_WARN_ENUM_CONVERSION = YES;
				CLANG_WARN_INT_CONVERSION = YES;
				CLANG_WARN_OBJC_ROOT_CLASS = YES_ERROR;
				CLANG_WARN_UNREACHABLE_CODE = YES;
				CLANG_WARN__DUPLICATE_METHOD_MATCH = YES;
				"CODE_SIGN_IDENTITY[sdk=iphoneos*]" = "iPhone Developer";
				COPY_PHASE_STRIP = YES;
				ENABLE_NS_ASSERTIONS = NO;
				ENABLE_STRICT_OBJC_MSGSEND = YES;
				GCC_C_LANGUAGE_STANDARD = gnu99;
				GCC_WARN_64_TO_32_BIT_CONVERSION = YES;
				GCC_WARN_ABOUT_RETURN_TYPE = YES_ERROR;
				GCC_WARN_UNDECLARED_SELECTOR = YES;
				GCC_WARN_UNINITIALIZED_AUTOS = YES_AGGRESSIVE;
				GCC_WARN_UNUSED_FUNCTION = YES;
				GCC_WARN_UNUSED_VARIABLE = YES;
				IPHONEOS_DEPLOYMENT_TARGET = 8.0;
				MTL_ENABLE_DEBUG_INFO = NO;
				SDKROOT = iphoneos;
				TARGETED_DEVICE_FAMILY = "1,2";
				VALIDATE_PRODUCT = YES;
			};
			name = Release;
		};
		575372BA19C44923009069BC /* Debug */ = {
			isa = XCBuildConfiguration;
			baseConfigurationReference = E9A37B1737284FE4B69BA8BF /* Pods.xcconfig */;
			buildSettings = {
				ASSETCATALOG_COMPILER_APPICON_NAME = AppIcon;
				CLANG_ENABLE_MODULES = YES;
				INFOPLIST_FILE = ff14booklet/Info.plist;
				LD_RUNPATH_SEARCH_PATHS = "$(inherited) @executable_path/Frameworks";
				PRODUCT_NAME = "$(TARGET_NAME)";
				SWIFT_OBJC_BRIDGING_HEADER = "ff14booklet/ff14booklet-Bridging-Header.h";
				SWIFT_OPTIMIZATION_LEVEL = "-Onone";
			};
			name = Debug;
		};
		575372BB19C44923009069BC /* Release */ = {
			isa = XCBuildConfiguration;
			baseConfigurationReference = E9A37B1737284FE4B69BA8BF /* Pods.xcconfig */;
			buildSettings = {
				ASSETCATALOG_COMPILER_APPICON_NAME = AppIcon;
				CLANG_ENABLE_MODULES = YES;
				INFOPLIST_FILE = ff14booklet/Info.plist;
				LD_RUNPATH_SEARCH_PATHS = "$(inherited) @executable_path/Frameworks";
				PRODUCT_NAME = "$(TARGET_NAME)";
				SWIFT_OBJC_BRIDGING_HEADER = "ff14booklet/ff14booklet-Bridging-Header.h";
			};
			name = Release;
		};
		575372BD19C44923009069BC /* Debug */ = {
			isa = XCBuildConfiguration;
			buildSettings = {
				BUNDLE_LOADER = "$(TEST_HOST)";
				FRAMEWORK_SEARCH_PATHS = (
					"$(SDKROOT)/Developer/Library/Frameworks",
					"$(inherited)",
				);
				GCC_PREPROCESSOR_DEFINITIONS = (
					"DEBUG=1",
					"$(inherited)",
				);
				INFOPLIST_FILE = ff14bookletTests/Info.plist;
				LD_RUNPATH_SEARCH_PATHS = "$(inherited) @executable_path/Frameworks @loader_path/Frameworks";
				PRODUCT_NAME = "$(TARGET_NAME)";
				TEST_HOST = "$(BUILT_PRODUCTS_DIR)/ff14booklet.app/ff14booklet";
			};
			name = Debug;
		};
		575372BE19C44923009069BC /* Release */ = {
			isa = XCBuildConfiguration;
			buildSettings = {
				BUNDLE_LOADER = "$(TEST_HOST)";
				FRAMEWORK_SEARCH_PATHS = (
					"$(SDKROOT)/Developer/Library/Frameworks",
					"$(inherited)",
				);
				INFOPLIST_FILE = ff14bookletTests/Info.plist;
				LD_RUNPATH_SEARCH_PATHS = "$(inherited) @executable_path/Frameworks @loader_path/Frameworks";
				PRODUCT_NAME = "$(TARGET_NAME)";
				TEST_HOST = "$(BUILT_PRODUCTS_DIR)/ff14booklet.app/ff14booklet";
			};
			name = Release;
		};
/* End XCBuildConfiguration section */

/* Begin XCConfigurationList section */
		5753729319C44923009069BC /* Build configuration list for PBXProject "ff14booklet" */ = {
			isa = XCConfigurationList;
			buildConfigurations = (
				575372B719C44923009069BC /* Debug */,
				575372B819C44923009069BC /* Release */,
			);
			defaultConfigurationIsVisible = 0;
			defaultConfigurationName = Release;
		};
		575372B919C44923009069BC /* Build configuration list for PBXNativeTarget "ff14booklet" */ = {
			isa = XCConfigurationList;
			buildConfigurations = (
				575372BA19C44923009069BC /* Debug */,
				575372BB19C44923009069BC /* Release */,
			);
			defaultConfigurationIsVisible = 0;
			defaultConfigurationName = Release;
		};
		575372BC19C44923009069BC /* Build configuration list for PBXNativeTarget "ff14bookletTests" */ = {
			isa = XCConfigurationList;
			buildConfigurations = (
				575372BD19C44923009069BC /* Debug */,
				575372BE19C44923009069BC /* Release */,
			);
			defaultConfigurationIsVisible = 0;
			defaultConfigurationName = Release;
		};
/* End XCConfigurationList section */
	};
	rootObject = 5753729019C44923009069BC /* Project object */;
}
